
Microsoft Visual Studio Solution File, Format Version 12.00
# Visual Studio 2012
Project("{FAE04EC0-301F-11D3-BF4B-00C04F79EFBC}") = "REP001.Comun.Web", "REP001.Comun.Web\REP001.Comun.Web.csproj", "{B9BB39E0-8009-45A6-B2E3-B4BC9BEBAC88}"
EndProject
Project("{FAE04EC0-301F-11D3-BF4B-00C04F79EFBC}") = "REP001.Comun.Web.MVC", "REP001.Comun.Web.MVC\REP001.Comun.Web.MVC.csproj", "{FB46D59A-6C67-4D4E-9B7F-5C51BF59606C}"
EndProject
Project("{FAE04EC0-301F-11D3-BF4B-00C04F79EFBC}") = "REP001.Comun.WebAPI.MVC", "REP001.Comun.WebAPI.MVC\REP001.Comun.WebAPI.MVC.csproj", "{AEDC483E-5876-48A8-B139-4545BA159009}"
EndProject
Project("{FAE04EC0-301F-11D3-BF4B-00C04F79EFBC}") = "REP001.Comun.WebMovil.MVC", "REP001.Comun.WebMovil.MVC\REP001.Comun.WebMovil.MVC.csproj", "{3E2E31A6-7D33-401C-8F93-ED966BF031EF}"
EndProject
Project("{FAE04EC0-301F-11D3-BF4B-00C04F79EFBC}") = "REP001.Comun.WebSignalR.MVC", "REP001.Comun.WebSignalR.MVC\REP001.Comun.WebSignalR.MVC.csproj", "{BD296ECC-1615-4B65-861F-1FF1F3B6CAC2}"
EndProject
Project("{FAE04EC0-301F-11D3-BF4B-00C04F79EFBC}") = "REP001.Comun.WebSparkViewEngine.MVC", "REP001.Comun.WebSparkViewEngine.MVC\REP001.Comun.WebSparkViewEngine.MVC.csproj", "{E51AE80B-3F4B-44DA-BAA2-8700AB767764}"
EndProject
Project("{FAE04EC0-301F-11D3-BF4B-00C04F79EFBC}") = "REP001.Comun.BO", "REP001.Comun.BO\REP001.Comun.BO.csproj", "{7A892E6A-F200-4FFE-BC86-A187E6F11CF4}"
EndProject
Project("{FAE04EC0-301F-11D3-BF4B-00C04F79EFBC}") = "REP001.Comun.Service.Interface", "REP001.Comun.Service.Interface\REP001.Comun.Service.Interface.csproj", "{B74B9D64-693F-442C-AFCC-A86DF70E0E55}"
EndProject
Project("{FAE04EC0-301F-11D3-BF4B-00C04F79EFBC}") = "REP001.Comun.Service.Implement", "REP001.Comun.Service.Implement\REP001.Comun.Service.Implement.csproj", "{BF921742-EA91-44C8-B687-207513AADD2E}"
EndProject
Project("{FAE04EC0-301F-11D3-BF4B-00C04F79EFBC}") = "REP001.Comun.BO.Context", "REP001.Comun.BO.Context\REP001.Comun.BO.Context.csproj", "{1C7441FA-B864-4C72-A246-0817ECD63EAD}"
EndProject
Project("{FAE04EC0-301F-11D3-BF4B-00C04F79EFBC}") = "REP001.Comun.WebForm", "REP001.Comun.WebForm\REP001.Comun.WebForm.csproj", "{3CC91DF3-B6A6-41D7-AC6F-AC55BC6AF19F}"
	ProjectSection(ProjectDependencies) = postProject
		{FB46D59A-6C67-4D4E-9B7F-5C51BF59606C} = {FB46D59A-6C67-4D4E-9B7F-5C51BF59606C}
		{476F10A4-1210-42D8-AE9B-9400B745FD73} = {476F10A4-1210-42D8-AE9B-9400B745FD73}
	EndProjectSection
EndProject
Project("{FAE04EC0-301F-11D3-BF4B-00C04F79EFBC}") = "REP001.Comun.WebHost", "REP001.Comun.WebHost\REP001.Comun.WebHost.csproj", "{476F10A4-1210-42D8-AE9B-9400B745FD73}"
EndProject
Project("{FAE04EC0-301F-11D3-BF4B-00C04F79EFBC}") = "REP001.Comun.WebClient.MVC", "REP001.Comun.WebClient.MVC\REP001.Comun.WebClient.MVC.csproj", "{95D00531-30EB-4C38-B6A8-A7A1736420EB}"
	ProjectSection(ProjectDependencies) = postProject
		{476F10A4-1210-42D8-AE9B-9400B745FD73} = {476F10A4-1210-42D8-AE9B-9400B745FD73}
	EndProjectSection
EndProject
Project("{FAE04EC0-301F-11D3-BF4B-00C04F79EFBC}") = "REP001.Comun.Test", "REP001.Comun.Test\REP001.Comun.Test.csproj", "{4280B951-4574-4A09-B376-BA8F38A4165C}"
EndProject
Project("{FAE04EC0-301F-11D3-BF4B-00C04F79EFBC}") = "REP001.Comun.Helpers", "REP001.Comun.Helpers\REP001.Comun.Helpers.csproj", "{425291B0-2AFA-408B-B37A-117E9C905B4A}"
EndProject
Project("{FAE04EC0-301F-11D3-BF4B-00C04F79EFBC}") = "REP001.Comun.AplicacionConsola", "REP001.Comun.AplicacionConsola\REP001.Comun.AplicacionConsola.csproj", "{C5125247-4EC0-41AD-A9AE-521B4C31DDFB}"
EndProject
Project("{FAE04EC0-301F-11D3-BF4B-00C04F79EFBC}") = "REP001.Comun.Utilities", "REP001.Comun.Utilities\REP001.Comun.Utilities.csproj", "{C4067739-D62F-455C-9213-BBA760616C6A}"
EndProject
Global
	GlobalSection(SolutionConfigurationPlatforms) = preSolution
		Debug|Any CPU = Debug|Any CPU
		Release|Any CPU = Release|Any CPU
	EndGlobalSection
	GlobalSection(ProjectConfigurationPlatforms) = postSolution
		{B9BB39E0-8009-45A6-B2E3-B4BC9BEBAC88}.Debug|Any CPU.ActiveCfg = Debug|Any CPU
		{B9BB39E0-8009-45A6-B2E3-B4BC9BEBAC88}.Debug|Any CPU.Build.0 = Debug|Any CPU
		{B9BB39E0-8009-45A6-B2E3-B4BC9BEBAC88}.Release|Any CPU.ActiveCfg = Release|Any CPU
		{B9BB39E0-8009-45A6-B2E3-B4BC9BEBAC88}.Release|Any CPU.Build.0 = Release|Any CPU
		{FB46D59A-6C67-4D4E-9B7F-5C51BF59606C}.Debug|Any CPU.ActiveCfg = Debug|Any CPU
		{FB46D59A-6C67-4D4E-9B7F-5C51BF59606C}.Debug|Any CPU.Build.0 = Debug|Any CPU
		{FB46D59A-6C67-4D4E-9B7F-5C51BF59606C}.Release|Any CPU.ActiveCfg = Release|Any CPU
		{FB46D59A-6C67-4D4E-9B7F-5C51BF59606C}.Release|Any CPU.Build.0 = Release|Any CPU
		{AEDC483E-5876-48A8-B139-4545BA159009}.Debug|Any CPU.ActiveCfg = Debug|Any CPU
		{AEDC483E-5876-48A8-B139-4545BA159009}.Debug|Any CPU.Build.0 = Debug|Any CPU
		{AEDC483E-5876-48A8-B139-4545BA159009}.Release|Any CPU.ActiveCfg = Release|Any CPU
		{AEDC483E-5876-48A8-B139-4545BA159009}.Release|Any CPU.Build.0 = Release|Any CPU
		{3E2E31A6-7D33-401C-8F93-ED966BF031EF}.Debug|Any CPU.ActiveCfg = Debug|Any CPU
		{3E2E31A6-7D33-401C-8F93-ED966BF031EF}.Debug|Any CPU.Build.0 = Debug|Any CPU
		{3E2E31A6-7D33-401C-8F93-ED966BF031EF}.Release|Any CPU.ActiveCfg = Release|Any CPU
		{3E2E31A6-7D33-401C-8F93-ED966BF031EF}.Release|Any CPU.Build.0 = Release|Any CPU
		{BD296ECC-1615-4B65-861F-1FF1F3B6CAC2}.Debug|Any CPU.ActiveCfg = Debug|Any CPU
		{BD296ECC-1615-4B65-861F-1FF1F3B6CAC2}.Debug|Any CPU.Build.0 = Debug|Any CPU
		{BD296ECC-1615-4B65-861F-1FF1F3B6CAC2}.Release|Any CPU.ActiveCfg = Release|Any CPU
		{BD296ECC-1615-4B65-861F-1FF1F3B6CAC2}.Release|Any CPU.Build.0 = Release|Any CPU
		{E51AE80B-3F4B-44DA-BAA2-8700AB767764}.Debug|Any CPU.ActiveCfg = Debug|Any CPU
		{E51AE80B-3F4B-44DA-BAA2-8700AB767764}.Debug|Any CPU.Build.0 = Debug|Any CPU
		{E51AE80B-3F4B-44DA-BAA2-8700AB767764}.Release|Any CPU.ActiveCfg = Release|Any CPU
		{E51AE80B-3F4B-44DA-BAA2-8700AB767764}.Release|Any CPU.Build.0 = Release|Any CPU
		{7A892E6A-F200-4FFE-BC86-A187E6F11CF4}.Debug|Any CPU.ActiveCfg = Debug|Any CPU
		{7A892E6A-F200-4FFE-BC86-A187E6F11CF4}.Debug|Any CPU.Build.0 = Debug|Any CPU
		{7A892E6A-F200-4FFE-BC86-A187E6F11CF4}.Release|Any CPU.ActiveCfg = Release|Any CPU
		{7A892E6A-F200-4FFE-BC86-A187E6F11CF4}.Release|Any CPU.Build.0 = Release|Any CPU
		{B74B9D64-693F-442C-AFCC-A86DF70E0E55}.Debug|Any CPU.ActiveCfg = Debug|Any CPU
		{B74B9D64-693F-442C-AFCC-A86DF70E0E55}.Debug|Any CPU.Build.0 = Debug|Any CPU
		{B74B9D64-693F-442C-AFCC-A86DF70E0E55}.Release|Any CPU.ActiveCfg = Release|Any CPU
		{B74B9D64-693F-442C-AFCC-A86DF70E0E55}.Release|Any CPU.Build.0 = Release|Any CPU
		{BF921742-EA91-44C8-B687-207513AADD2E}.Debug|Any CPU.ActiveCfg = Debug|Any CPU
		{BF921742-EA91-44C8-B687-207513AADD2E}.Debug|Any CPU.Build.0 = Debug|Any CPU
		{BF921742-EA91-44C8-B687-207513AADD2E}.Release|Any CPU.ActiveCfg = Release|Any CPU
		{BF921742-EA91-44C8-B687-207513AADD2E}.Release|Any CPU.Build.0 = Release|Any CPU
		{1C7441FA-B864-4C72-A246-0817ECD63EAD}.Debug|Any CPU.ActiveCfg = Debug|Any CPU
		{1C7441FA-B864-4C72-A246-0817ECD63EAD}.Debug|Any CPU.Build.0 = Debug|Any CPU
		{1C7441FA-B864-4C72-A246-0817ECD63EAD}.Release|Any CPU.ActiveCfg = Release|Any CPU
		{1C7441FA-B864-4C72-A246-0817ECD63EAD}.Release|Any CPU.Build.0 = Release|Any CPU
		{3CC91DF3-B6A6-41D7-AC6F-AC55BC6AF19F}.Debug|Any CPU.ActiveCfg = Debug|Any CPU
		{3CC91DF3-B6A6-41D7-AC6F-AC55BC6AF19F}.Debug|Any CPU.Build.0 = Debug|Any CPU
		{3CC91DF3-B6A6-41D7-AC6F-AC55BC6AF19F}.Release|Any CPU.ActiveCfg = Release|Any CPU
		{3CC91DF3-B6A6-41D7-AC6F-AC55BC6AF19F}.Release|Any CPU.Build.0 = Release|Any CPU
		{476F10A4-1210-42D8-AE9B-9400B745FD73}.Debug|Any CPU.ActiveCfg = Debug|Any CPU
		{476F10A4-1210-42D8-AE9B-9400B745FD73}.Debug|Any CPU.Build.0 = Debug|Any CPU
		{476F10A4-1210-42D8-AE9B-9400B745FD73}.Release|Any CPU.ActiveCfg = Release|Any CPU
		{476F10A4-1210-42D8-AE9B-9400B745FD73}.Release|Any CPU.Build.0 = Release|Any CPU
		{95D00531-30EB-4C38-B6A8-A7A1736420EB}.Debug|Any CPU.ActiveCfg = Debug|Any CPU
		{95D00531-30EB-4C38-B6A8-A7A1736420EB}.Debug|Any CPU.Build.0 = Debug|Any CPU
		{95D00531-30EB-4C38-B6A8-A7A1736420EB}.Release|Any CPU.ActiveCfg = Release|Any CPU
		{95D00531-30EB-4C38-B6A8-A7A1736420EB}.Release|Any CPU.Build.0 = Release|Any CPU
		{4280B951-4574-4A09-B376-BA8F38A4165C}.Debug|Any CPU.ActiveCfg = Debug|Any CPU
		{4280B951-4574-4A09-B376-BA8F38A4165C}.Debug|Any CPU.Build.0 = Debug|Any CPU
		{4280B951-4574-4A09-B376-BA8F38A4165C}.Release|Any CPU.ActiveCfg = Release|Any CPU
		{4280B951-4574-4A09-B376-BA8F38A4165C}.Release|Any CPU.Build.0 = Release|Any CPU
		{425291B0-2AFA-408B-B37A-117E9C905B4A}.Debug|Any CPU.ActiveCfg = Debug|Any CPU
		{425291B0-2AFA-408B-B37A-117E9C905B4A}.Debug|Any CPU.Build.0 = Debug|Any CPU
		{425291B0-2AFA-408B-B37A-117E9C905B4A}.Release|Any CPU.ActiveCfg = Release|Any CPU
		{425291B0-2AFA-408B-B37A-117E9C905B4A}.Release|Any CPU.Build.0 = Release|Any CPU
		{C5125247-4EC0-41AD-A9AE-521B4C31DDFB}.Debug|Any CPU.ActiveCfg = Debug|Any CPU
		{C5125247-4EC0-41AD-A9AE-521B4C31DDFB}.Debug|Any CPU.Build.0 = Debug|Any CPU
		{C5125247-4EC0-41AD-A9AE-521B4C31DDFB}.Release|Any CPU.ActiveCfg = Release|Any CPU
		{C5125247-4EC0-41AD-A9AE-521B4C31DDFB}.Release|Any CPU.Build.0 = Release|Any CPU
		{C4067739-D62F-455C-9213-BBA760616C6A}.Debug|Any CPU.ActiveCfg = Debug|Any CPU
		{C4067739-D62F-455C-9213-BBA760616C6A}.Debug|Any CPU.Build.0 = Debug|Any CPU
		{C4067739-D62F-455C-9213-BBA760616C6A}.Release|Any CPU.ActiveCfg = Release|Any CPU
		{C4067739-D62F-455C-9213-BBA760616C6A}.Release|Any CPU.Build.0 = Release|Any CPU
	EndGlobalSection
	GlobalSection(SolutionProperties) = preSolution
		HideSolutionNode = FALSE
	EndGlobalSection
EndGlobal
